<?xml version="1.0" encoding="utf-8"?>
<Project ToolsVersion="4.0" xmlns="http://schemas.microsoft.com/developer/msbuild/2003">
  <ItemGroup>
    <ClCompile Include="main.cpp" />
  </ItemGroup>
  <ItemGroup>
    <ClInclude Include="Entity.h" />
    <ClInclude Include="FunctionProto.h" />
    <ClInclude Include="CoreClasses.h" />
    <ClInclude Include="SpriteSheets.h" />
    <ClInclude Include="Sword.h" />
    <ClInclude Include="Rope.h" />
  </ItemGroup>
</Project>